// !$*UTF8*$!
{
	archiveVersion = 1;
	classes = {
	};
	objectVersion = 56;
	objects = {

/* Begin PBXBuildFile section */
		A52D18F52C0784BC00E51B85 /* ToDoCollectionViewCell.swift in Sources */ = {isa = PBXBuildFile; fileRef = A52D18F32C0784BC00E51B85 /* ToDoCollectionViewCell.swift */; };
		A52D18F62C0784BC00E51B85 /* ToDoCollectionViewCell.xib in Resources */ = {isa = PBXBuildFile; fileRef = A52D18F42C0784BC00E51B85 /* ToDoCollectionViewCell.xib */; };
		A5C2ECF42B38756D00E53026 /* AppDelegate.swift in Sources */ = {isa = PBXBuildFile; fileRef = A5C2ECF32B38756D00E53026 /* AppDelegate.swift */; };
		A5C2ECF62B38756D00E53026 /* SceneDelegate.swift in Sources */ = {isa = PBXBuildFile; fileRef = A5C2ECF52B38756D00E53026 /* SceneDelegate.swift */; };
		A5C2ECF82B38756D00E53026 /* ViewController.swift in Sources */ = {isa = PBXBuildFile; fileRef = A5C2ECF72B38756D00E53026 /* ViewController.swift */; };
		A5C2ECFB2B38756D00E53026 /* Main.storyboard in Resources */ = {isa = PBXBuildFile; fileRef = A5C2ECF92B38756D00E53026 /* Main.storyboard */; };
		A5C2ECFD2B38757400E53026 /* Assets.xcassets in Resources */ = {isa = PBXBuildFile; fileRef = A5C2ECFC2B38757400E53026 /* Assets.xcassets */; };
		A5C2ED002B38757400E53026 /* LaunchScreen.storyboard in Resources */ = {isa = PBXBuildFile; fileRef = A5C2ECFE2B38757400E53026 /* LaunchScreen.storyboard */; };
/* End PBXBuildFile section */

/* Begin PBXFileReference section */
		A52D18F32C0784BC00E51B85 /* ToDoCollectionViewCell.swift */ = {isa = PBXFileReference; lastKnownFileType = sourcecode.swift; path = ToDoCollectionViewCell.swift; sourceTree = "<group>"; };
		A52D18F42C0784BC00E51B85 /* ToDoCollectionViewCell.xib */ = {isa = PBXFileReference; lastKnownFileType = file.xib; path = ToDoCollectionViewCell.xib; sourceTree = "<group>"; };
		A5C2ECF02B38756D00E53026 /* Notion-API-App.app */ = {isa = PBXFileReference; explicitFileType = wrapper.application; includeInIndex = 0; path = "Notion-API-App.app"; sourceTree = BUILT_PRODUCTS_DIR; };
		A5C2ECF32B38756D00E53026 /* AppDelegate.swift */ = {isa = PBXFileReference; lastKnownFileType = sourcecode.swift; path = AppDelegate.swift; sourceTree = "<group>"; };
		A5C2ECF52B38756D00E53026 /* SceneDelegate.swift */ = {isa = PBXFileReference; lastKnownFileType = sourcecode.swift; path = SceneDelegate.swift; sourceTree = "<group>"; };
		A5C2ECF72B38756D00E53026 /* ViewController.swift */ = {isa = PBXFileReference; lastKnownFileType = sourcecode.swift; path = ViewController.swift; sourceTree = "<group>"; };
		A5C2ECFA2B38756D00E53026 /* Base */ = {isa = PBXFileReference; lastKnownFileType = file.storyboard; name = Base; path = Base.lproj/Main.storyboard; sourceTree = "<group>"; };
		A5C2ECFC2B38757400E53026 /* Assets.xcassets */ = {isa = PBXFileReference; lastKnownFileType = folder.assetcatalog; path = Assets.xcassets; sourceTree = "<group>"; };
		A5C2ECFF2B38757400E53026 /* Base */ = {isa = PBXFileReference; lastKnownFileType = file.storyboard; name = Base; path = Base.lproj/LaunchScreen.storyboard; sourceTree = "<group>"; };
		A5C2ED012B38757400E53026 /* Info.plist */ = {isa = PBXFileReference; lastKnownFileType = text.plist.xml; path = Info.plist; sourceTree = "<group>"; };
/* End PBXFileReference section */

/* Begin PBXFrameworksBuildPhase section */
		A5C2ECED2B38756D00E53026 /* Frameworks */ = {
			isa = PBXFrameworksBuildPhase;
			buildActionMask = 2147483647;
			files = (
			);
			runOnlyForDeploymentPostprocessing = 0;
		};
/* End PBXFrameworksBuildPhase section */

/* Begin PBXGroup section */
		A52D18F02C07848C00E51B85 /* Cells */ = {
			isa = PBXGroup;
			children = (
				A52D18F32C0784BC00E51B85 /* ToDoCollectionViewCell.swift */,
				A52D18F42C0784BC00E51B85 /* ToDoCollectionViewCell.xib */,
			);
			path = Cells;
			sourceTree = "<group>";
		};
		A5C2ECE72B38756D00E53026 = {
			isa = PBXGroup;
			children = (
				A5C2ECF22B38756D00E53026 /* Notion-API-App */,
				A5C2ECF12B38756D00E53026 /* Products */,
			);
			sourceTree = "<group>";
		};
		A5C2ECF12B38756D00E53026 /* Products */ = {
			isa = PBXGroup;
			children = (
				A5C2ECF02B38756D00E53026 /* Notion-API-App.app */,
			);
			name = Products;
			sourceTree = "<group>";
		};
		A5C2ECF22B38756D00E53026 /* Notion-API-App */ = {
			isa = PBXGroup;
			children = (
				A5C2ECF72B38756D00E53026 /* ViewController.swift */,
				A52D18F02C07848C00E51B85 /* Cells */,
				A5C2ED092B38773600E53026 /* Resource */,
				A5C2ED072B38771800E53026 /* LifeCycle */,
				A5C2ED012B38757400E53026 /* Info.plist */,
			);
			path = "Notion-API-App";
			sourceTree = "<group>";
		};
		A5C2ED072B38771800E53026 /* LifeCycle */ = {
			isa = PBXGroup;
			children = (
				A5C2ECF32B38756D00E53026 /* AppDelegate.swift */,
				A5C2ECF52B38756D00E53026 /* SceneDelegate.swift */,
			);
			path = LifeCycle;
			sourceTree = "<group>";
		};
		A5C2ED092B38773600E53026 /* Resource */ = {
			isa = PBXGroup;
			children = (
				A5C2ECF92B38756D00E53026 /* Main.storyboard */,
				A5C2ECFC2B38757400E53026 /* Assets.xcassets */,
				A5C2ECFE2B38757400E53026 /* LaunchScreen.storyboard */,
			);
			path = Resource;
			sourceTree = "<group>";
		};
/* End PBXGroup section */

/* Begin PBXNativeTarget section */
		A5C2ECEF2B38756D00E53026 /* Notion-API-App */ = {
			isa = PBXNativeTarget;
			buildConfigurationList = A5C2ED042B38757400E53026 /* Build configuration list for PBXNativeTarget "Notion-API-App" */;
			buildPhases = (
				A5C2ECEC2B38756D00E53026 /* Sources */,
				A5C2ECED2B38756D00E53026 /* Frameworks */,
				A5C2ECEE2B38756D00E53026 /* Resources */,
			);
			buildRules = (
			);
			dependencies = (
			);
			name = "Notion-API-App";
			productName = "Notion-API-App";
			productReference = A5C2ECF02B38756D00E53026 /* Notion-API-App.app */;
			productType = "com.apple.product-type.application";
		};
/* End PBXNativeTarget section */

/* Begin PBXProject section */
		A5C2ECE82B38756D00E53026 /* Project object */ = {
			isa = PBXProject;
			attributes = {
				BuildIndependentTargetsInParallel = 1;
				LastSwiftUpdateCheck = 1430;
				LastUpgradeCheck = 1430;
				TargetAttributes = {
					A5C2ECEF2B38756D00E53026 = {
						CreatedOnToolsVersion = 14.3.1;
					};
				};
			};
			buildConfigurationList = A5C2ECEB2B38756D00E53026 /* Build configuration list for PBXProject "Notion-API-App" */;
			compatibilityVersion = "Xcode 14.0";
			developmentRegion = en;
			hasScannedForEncodings = 0;
			knownRegions = (
				en,
				Base,
			);
			mainGroup = A5C2ECE72B38756D00E53026;
			productRefGroup = A5C2ECF12B38756D00E53026 /* Products */;
			projectDirPath = "";
			projectRoot = "";
			targets = (
				A5C2ECEF2B38756D00E53026 /* Notion-API-App */,
			);
		};
/* End PBXProject section */

/* Begin PBXResourcesBuildPhase section */
		A5C2ECEE2B38756D00E53026 /* Resources */ = {
			isa = PBXResourcesBuildPhase;
			buildActionMask = 2147483647;
			files = (
				A52D18F62C0784BC00E51B85 /* ToDoCollectionViewCell.xib in Resources */,
				A5C2ED002B38757400E53026 /* LaunchScreen.storyboard in Resources */,
				A5C2ECFD2B38757400E53026 /* Assets.xcassets in Resources */,
				A5C2ECFB2B38756D00E53026 /* Main.storyboard in Resources */,
			);
			runOnlyForDeploymentPostprocessing = 0;
		};
/* End PBXResourcesBuildPhase section */

/* Begin PBXSourcesBuildPhase section */
		A5C2ECEC2B38756D00E53026 /* Sources */ = {
			isa = PBXSourcesBuildPhase;
			buildActionMask = 2147483647;
			files = (
				A52D18F52C0784BC00E51B85 /* ToDoCollectionViewCell.swift in Sources */,
				A5C2ECF82B38756D00E53026 /* ViewController.swift in Sources */,
				A5C2ECF42B38756D00E53026 /* AppDelegate.swift in Sources */,
				A5C2ECF62B38756D00E53026 /* SceneDelegate.swift in Sources */,
			);
			runOnlyForDeploymentPostprocessing = 0;
		};
/* End PBXSourcesBuildPhase section */

/* Begin PBXVariantGroup section */
		A5C2ECF92B38756D00E53026 /* Main.storyboard */ = {
			isa = PBXVariantGroup;
			children = (
				A5C2ECFA2B38756D00E53026 /* Base */,
			);
			name = Main.storyboard;
			sourceTree = "<group>";
		};
		A5C2ECFE2B38757400E53026 /* LaunchScreen.storyboard */ = {
			isa = PBXVariantGroup;
			children = (
				A5C2ECFF2B38757400E53026 /* Base */,
			);
			name = LaunchScreen.storyboard;
			sourceTree = "<group>";
		};
/* End PBXVariantGroup section */

/* Begin XCBuildConfiguration section */
		A5C2ED022B38757400E53026 /* Debug */ = {
			isa = XCBuildConfiguration;
			buildSettings = {
				ALWAYS_SEARCH_USER_PATHS = NO;
				CLANG_ANALYZER_NONNULL = YES;
				CLANG_ANALYZER_NUMBER_OBJECT_CONVERSION = YES_AGGRESSIVE;
				CLANG_CXX_LANGUAGE_STANDARD = "gnu++20";
				CLANG_ENABLE_MODULES = YES;
				CLANG_ENABLE_OBJC_ARC = YES;
				CLANG_ENABLE_OBJC_WEAK = YES;
				CLANG_WARN_BLOCK_CAPTURE_AUTORELEASING = YES;
				CLANG_WARN_BOOL_CONVERSION = YES;
				CLANG_WARN_COMMA = YES;
				CLANG_WARN_CONSTANT_CONVERSION = YES;
				CLANG_WARN_DEPRECATED_OBJC_IMPLEMENTATIONS = YES;
				CLANG_WARN_DIRECT_OBJC_ISA_USAGE = YES_ERROR;
				CLANG_WARN_DOCUMENTATION_COMMENTS = YES;
				CLANG_WARN_EMPTY_BODY = YES;
				CLANG_WARN_ENUM_CONVERSION = YES;
				CLANG_WARN_INFINITE_RECURSION = YES;
				CLANG_WARN_INT_CONVERSION = YES;
				CLANG_WARN_NON_LITERAL_NULL_CONVERSION = YES;
				CLANG_WARN_OBJC_IMPLICIT_RETAIN_SELF = YES;
				CLANG_WARN_OBJC_LITERAL_CONVERSION = YES;
				CLANG_WARN_OBJC_ROOT_CLASS = YES_ERROR;
				CLANG_WARN_QUOTED_INCLUDE_IN_FRAMEWORK_HEADER = YES;
				CLANG_WARN_RANGE_LOOP_ANALYSIS = YES;
				CLANG_WARN_STRICT_PROTOTYPES = YES;
				CLANG_WARN_SUSPICIOUS_MOVE = YES;
				CLANG_WARN_UNGUARDED_AVAILABILITY = YES_AGGRESSIVE;
				CLANG_WARN_UNREACHABLE_CODE = YES;
				CLANG_WARN__DUPLICATE_METHOD_MATCH = YES;
				COPY_PHASE_STRIP = NO;
				DEBUG_INFORMATION_FORMAT = dwarf;
				ENABLE_STRICT_OBJC_MSGSEND = YES;
				ENABLE_TESTABILITY = YES;
				GCC_C_LANGUAGE_STANDARD = gnu11;
				GCC_DYNAMIC_NO_PIC = NO;
				GCC_NO_COMMON_BLOCKS = YES;
				GCC_OPTIMIZATION_LEVEL = 0;
				GCC_PREPROCESSOR_DEFINITIONS = (
					"DEBUG=1",
					"$(inherited)",
				);
				GCC_WARN_64_TO_32_BIT_CONVERSION = YES;
				GCC_WARN_ABOUT_RETURN_TYPE = YES_ERROR;
				GCC_WARN_UNDECLARED_SELECTOR = YES;
				GCC_WARN_UNINITIALIZED_AUTOS = YES_AGGRESSIVE;
				GCC_WARN_UNUSED_FUNCTION = YES;
				GCC_WARN_UNUSED_VARIABLE = YES;
				IPHONEOS_DEPLOYMENT_TARGET = 16.4;
				MTL_ENABLE_DEBUG_INFO = INCLUDE_SOURCE;
				MTL_FAST_MATH = YES;
				ONLY_ACTIVE_ARCH = YES;
				SDKROOT = iphoneos;
				SWIFT_ACTIVE_COMPILATION_CONDITIONS = DEBUG;
				SWIFT_OPTIMIZATION_LEVEL = "-Onone";
			};
			name = Debug;
		};
		A5C2ED032B38757400E53026 /* Release */ = {
			isa = XCBuildConfiguration;
			buildSettings = {
				ALWAYS_SEARCH_USER_PATHS = NO;
				CLANG_ANALYZER_NONNULL = YES;
				CLANG_ANALYZER_NUMBER_OBJECT_CONVERSION = YES_AGGRESSIVE;
				CLANG_CXX_LANGUAGE_STANDARD = "gnu++20";
				CLANG_ENABLE_MODULES = YES;
				CLANG_ENABLE_OBJC_ARC = YES;
				CLANG_ENABLE_OBJC_WEAK = YES;
				CLANG_WARN_BLOCK_CAPTURE_AUTORELEASING = YES;
				CLANG_WARN_BOOL_CONVERSION = YES;
				CLANG_WARN_COMMA = YES;
				CLANG_WARN_CONSTANT_CONVERSION = YES;
				CLANG_WARN_DEPRECATED_OBJC_IMPLEMENTATIONS = YES;
				CLANG_WARN_DIRECT_OBJC_ISA_USAGE = YES_ERROR;
				CLANG_WARN_DOCUMENTATION_COMMENTS = YES;
				CLANG_WARN_EMPTY_BODY = YES;
				CLANG_WARN_ENUM_CONVERSION = YES;
				CLANG_WARN_INFINITE_RECURSION = YES;
				CLANG_WARN_INT_CONVERSION = YES;
				CLANG_WARN_NON_LITERAL_NULL_CONVERSION = YES;
				CLANG_WARN_OBJC_IMPLICIT_RETAIN_SELF = YES;
				CLANG_WARN_OBJC_LITERAL_CONVERSION = YES;
				CLANG_WARN_OBJC_ROOT_CLASS = YES_ERROR;
				CLANG_WARN_QUOTED_INCLUDE_IN_FRAMEWORK_HEADER = YES;
				CLANG_WARN_RANGE_LOOP_ANALYSIS = YES;
				CLANG_WARN_STRICT_PROTOTYPES = YES;
				CLANG_WARN_SUSPICIOUS_MOVE = YES;
				CLANG_WARN_UNGUARDED_AVAILABILITY = YES_AGGRESSIVE;
				CLANG_WARN_UNREACHABLE_CODE = YES;
				CLANG_WARN__DUPLICATE_METHOD_MATCH = YES;
				COPY_PHASE_STRIP = NO;
				DEBUG_INFORMATION_FORMAT = "dwarf-with-dsym";
				ENABLE_NS_ASSERTIONS = NO;
				ENABLE_STRICT_OBJC_MSGSEND = YES;
				GCC_C_LANGUAGE_STANDARD = gnu11;
				GCC_NO_COMMON_BLOCKS = YES;
				GCC_WARN_64_TO_32_BIT_CONVERSION = YES;
				GCC_WARN_ABOUT_RETURN_TYPE = YES_ERROR;
				GCC_WARN_UNDECLARED_SELECTOR = YES;
				GCC_WARN_UNINITIALIZED_AUTOS = YES_AGGRESSIVE;
				GCC_WARN_UNUSED_FUNCTION = YES;
				GCC_WARN_UNUSED_VARIABLE = YES;
				IPHONEOS_DEPLOYMENT_TARGET = 16.4;
				MTL_ENABLE_DEBUG_INFO = NO;
				MTL_FAST_MATH = YES;
				SDKROOT = iphoneos;
				SWIFT_COMPILATION_MODE = wholemodule;
				SWIFT_OPTIMIZATION_LEVEL = "-O";
				VALIDATE_PRODUCT = YES;
			};
			name = Release;
		};
		A5C2ED052B38757400E53026 /* Debug */ = {
			isa = XCBuildConfiguration;
			buildSettings = {
				ASSETCATALOG_COMPILER_APPICON_NAME = AppIcon;
				ASSETCATALOG_COMPILER_GLOBAL_ACCENT_COLOR_NAME = AccentColor;
				CODE_SIGN_STYLE = Automatic;
				CURRENT_PROJECT_VERSION = 1;
				DEVELOPMENT_TEAM = 7555R8ZYJ2;
				GENERATE_INFOPLIST_FILE = YES;
				INFOPLIST_FILE = "Notion-API-App/Info.plist";
				INFOPLIST_KEY_UIApplicationSupportsIndirectInputEvents = YES;
				INFOPLIST_KEY_UILaunchStoryboardName = LaunchScreen;
				INFOPLIST_KEY_UIMainStoryboardFile = Main;
				INFOPLIST_KEY_UISupportedInterfaceOrientations_iPad = "UIInterfaceOrientationPortrait UIInterfaceOrientationPortraitUpsideDown UIInterfaceOrientationLandscapeLeft UIInterfaceOrientationLandscapeRight";
				INFOPLIST_KEY_UISupportedInterfaceOrientations_iPhone = "UIInterfaceOrientationPortrait UIInterfaceOrientationLandscapeLeft UIInterfaceOrientationLandscapeRight";
				LD_RUNPATH_SEARCH_PATHS = (
					"$(inherited)",
					"@executable_path/Frameworks",
				);
				MARKETING_VERSION = 1.0;
				PRODUCT_BUNDLE_IDENTIFIER = "dev.lucasheo.Notion-API-App";
				PRODUCT_NAME = "$(TARGET_NAME)";
				SWIFT_EMIT_LOC_STRINGS = YES;
				SWIFT_VERSION = 5.0;
				TARGETED_DEVICE_FAMILY = "1,2";
			};
			name = Debug;
		};
		A5C2ED062B38757400E53026 /* Release */ = {
			isa = XCBuildConfiguration;
			buildSettings = {
				ASSETCATALOG_COMPILER_APPICON_NAME = AppIcon;
				ASSETCATALOG_COMPILER_GLOBAL_ACCENT_COLOR_NAME = AccentColor;
				CODE_SIGN_STYLE = Automatic;
				CURRENT_PROJECT_VERSION = 1;
				DEVELOPMENT_TEAM = 7555R8ZYJ2;
				GENERATE_INFOPLIST_FILE = YES;
				INFOPLIST_FILE = "Notion-API-App/Info.plist";
				INFOPLIST_KEY_UIApplicationSupportsIndirectInputEvents = YES;
				INFOPLIST_KEY_UILaunchStoryboardName = LaunchScreen;
				INFOPLIST_KEY_UIMainStoryboardFile = Main;
				INFOPLIST_KEY_UISupportedInterfaceOrientations_iPad = "UIInterfaceOrientationPortrait UIInterfaceOrientationPortraitUpsideDown UIInterfaceOrientationLandscapeLeft UIInterfaceOrientationLandscapeRight";
				INFOPLIST_KEY_UISupportedInterfaceOrientations_iPhone = "UIInterfaceOrientationPortrait UIInterfaceOrientationLandscapeLeft UIInterfaceOrientationLandscapeRight";
				LD_RUNPATH_SEARCH_PATHS = (
					"$(inherited)",
					"@executable_path/Frameworks",
				);
				MARKETING_VERSION = 1.0;
				PRODUCT_BUNDLE_IDENTIFIER = "dev.lucasheo.Notion-API-App";
				PRODUCT_NAME = "$(TARGET_NAME)";
				SWIFT_EMIT_LOC_STRINGS = YES;
				SWIFT_VERSION = 5.0;
				TARGETED_DEVICE_FAMILY = "1,2";
			};
			name = Release;
		};
/* End XCBuildConfiguration section */

/* Begin XCConfigurationList section */
		A5C2ECEB2B38756D00E53026 /* Build configuration list for PBXProject "Notion-API-App" */ = {
			isa = XCConfigurationList;
			buildConfigurations = (
				A5C2ED022B38757400E53026 /* Debug */,
				A5C2ED032B38757400E53026 /* Release */,
			);
			defaultConfigurationIsVisible = 0;
			defaultConfigurationName = Release;
		};
		A5C2ED042B38757400E53026 /* Build configuration list for PBXNativeTarget "Notion-API-App" */ = {
			isa = XCConfigurationList;
			buildConfigurations = (
				A5C2ED052B38757400E53026 /* Debug */,
				A5C2ED062B38757400E53026 /* Release */,
			);
			defaultConfigurationIsVisible = 0;
			defaultConfigurationName = Release;
		};
/* End XCConfigurationList section */
	};
	rootObject = A5C2ECE82B38756D00E53026 /* Project object */;
}
